
Microsoft Visual Studio Solution File, Format Version 12.00
# Visual Studio Version 17
VisualStudioVersion = 17.13.35931.197 d17.13
MinimumVisualStudioVersion = 10.0.40219.1
Project("{FAE04EC0-301F-11D3-BF4B-00C04F79EFBC}") = "Focus.API", "Focus.API\Focus.API.csproj", "{29AE38BB-337A-4F3C-A9C4-C8D579273C47}"
EndProject
Project("{FAE04EC0-301F-11D3-BF4B-00C04F79EFBC}") = "Focus.Application", "Focus.Application\Focus.Application.csproj", "{25AE0861-7DFD-4BE0-B557-86B9D2494252}"
EndProject
Project("{FAE04EC0-301F-11D3-BF4B-00C04F79EFBC}") = "Focus.Infra", "Focus.Infra\Focus.Infra.csproj", "{2FC67C4D-0190-4A8D-A4DE-5F7182E6C22C}"
EndProject
Project("{FAE04EC0-301F-11D3-BF4B-00C04F79EFBC}") = "Focus.Domain", "Focus.Domain\Focus.Domain.csproj", "{075C8F2D-6E05-4035-87C3-BD32D6A1C048}"
EndProject
Project("{2150E333-8FDC-42A3-9474-1A3956D46DE8}") = "Solution Items", "Solution Items", "{EB2B5AAA-4FC1-43FE-A6A6-2A26E3681B22}"
	ProjectSection(SolutionItems) = preProject
		compose.yaml = compose.yaml
	EndProjectSection
EndProject
Global
	GlobalSection(SolutionConfigurationPlatforms) = preSolution
		Debug|Any CPU = Debug|Any CPU
		Release|Any CPU = Release|Any CPU
	EndGlobalSection
	GlobalSection(ProjectConfigurationPlatforms) = postSolution
		{29AE38BB-337A-4F3C-A9C4-C8D579273C47}.Debug|Any CPU.ActiveCfg = Debug|Any CPU
		{29AE38BB-337A-4F3C-A9C4-C8D579273C47}.Debug|Any CPU.Build.0 = Debug|Any CPU
		{29AE38BB-337A-4F3C-A9C4-C8D579273C47}.Release|Any CPU.ActiveCfg = Release|Any CPU
		{29AE38BB-337A-4F3C-A9C4-C8D579273C47}.Release|Any CPU.Build.0 = Release|Any CPU
		{25AE0861-7DFD-4BE0-B557-86B9D2494252}.Debug|Any CPU.ActiveCfg = Debug|Any CPU
		{25AE0861-7DFD-4BE0-B557-86B9D2494252}.Debug|Any CPU.Build.0 = Debug|Any CPU
		{25AE0861-7DFD-4BE0-B557-86B9D2494252}.Release|Any CPU.ActiveCfg = Release|Any CPU
		{25AE0861-7DFD-4BE0-B557-86B9D2494252}.Release|Any CPU.Build.0 = Release|Any CPU
		{2FC67C4D-0190-4A8D-A4DE-5F7182E6C22C}.Debug|Any CPU.ActiveCfg = Debug|Any CPU
		{2FC67C4D-0190-4A8D-A4DE-5F7182E6C22C}.Debug|Any CPU.Build.0 = Debug|Any CPU
		{2FC67C4D-0190-4A8D-A4DE-5F7182E6C22C}.Release|Any CPU.ActiveCfg = Release|Any CPU
		{2FC67C4D-0190-4A8D-A4DE-5F7182E6C22C}.Release|Any CPU.Build.0 = Release|Any CPU
		{075C8F2D-6E05-4035-87C3-BD32D6A1C048}.Debug|Any CPU.ActiveCfg = Debug|Any CPU
		{075C8F2D-6E05-4035-87C3-BD32D6A1C048}.Debug|Any CPU.Build.0 = Debug|Any CPU
		{075C8F2D-6E05-4035-87C3-BD32D6A1C048}.Release|Any CPU.ActiveCfg = Release|Any CPU
		{075C8F2D-6E05-4035-87C3-BD32D6A1C048}.Release|Any CPU.Build.0 = Release|Any CPU
	EndGlobalSection
	GlobalSection(SolutionProperties) = preSolution
		HideSolutionNode = FALSE
	EndGlobalSection
	GlobalSection(ExtensibilityGlobals) = postSolution
		SolutionGuid = {52839ECA-1E0B-4145-A0A2-C66CB2DA0C61}
	EndGlobalSection
EndGlobal
